// !$*UTF8*$!
{
	archiveVersion = 1;
	classes = {
	};
	objectVersion = 50;
	objects = {

/* Begin PBXBuildFile section */
		511D43E9251A153300B7461F /* Text_Style_ExamplesApp.swift in Sources */ = {isa = PBXBuildFile; fileRef = 511D43E8251A153300B7461F /* Text_Style_ExamplesApp.swift */; };
		511D43EB251A153300B7461F /* ContentView.swift in Sources */ = {isa = PBXBuildFile; fileRef = 511D43EA251A153300B7461F /* ContentView.swift */; };
		511D43ED251A153600B7461F /* Assets.xcassets in Resources */ = {isa = PBXBuildFile; fileRef = 511D43EC251A153600B7461F /* Assets.xcassets */; };
		511D43F0251A153600B7461F /* Preview Assets.xcassets in Resources */ = {isa = PBXBuildFile; fileRef = 511D43EF251A153600B7461F /* Preview Assets.xcassets */; };
		511D43F9251A155700B7461F /* TextStyleView.swift in Sources */ = {isa = PBXBuildFile; fileRef = 511D43F8251A155700B7461F /* TextStyleView.swift */; };
		511D43FC251A167800B7461F /* FontAppearanceView.swift in Sources */ = {isa = PBXBuildFile; fileRef = 511D43FB251A167800B7461F /* FontAppearanceView.swift */; };
		511D43FF251A19F000B7461F /* CharacterAppearanceView.swift in Sources */ = {isa = PBXBuildFile; fileRef = 511D43FE251A19F000B7461F /* CharacterAppearanceView.swift */; };
		511D4402251A533C00B7461F /* MultilineView.swift in Sources */ = {isa = PBXBuildFile; fileRef = 511D4401251A533C00B7461F /* MultilineView.swift */; };
		511D4405251A730E00B7461F /* TruncationModeView.swift in Sources */ = {isa = PBXBuildFile; fileRef = 511D4404251A730E00B7461F /* TruncationModeView.swift */; };
/* End PBXBuildFile section */

/* Begin PBXFileReference section */
		511D43E5251A153300B7461F /* Text Style Examples.app */ = {isa = PBXFileReference; explicitFileType = wrapper.application; includeInIndex = 0; path = "Text Style Examples.app"; sourceTree = BUILT_PRODUCTS_DIR; };
		511D43E8251A153300B7461F /* Text_Style_ExamplesApp.swift */ = {isa = PBXFileReference; lastKnownFileType = sourcecode.swift; path = Text_Style_ExamplesApp.swift; sourceTree = "<group>"; };
		511D43EA251A153300B7461F /* ContentView.swift */ = {isa = PBXFileReference; lastKnownFileType = sourcecode.swift; path = ContentView.swift; sourceTree = "<group>"; };
		511D43EC251A153600B7461F /* Assets.xcassets */ = {isa = PBXFileReference; lastKnownFileType = folder.assetcatalog; path = Assets.xcassets; sourceTree = "<group>"; };
		511D43EF251A153600B7461F /* Preview Assets.xcassets */ = {isa = PBXFileReference; lastKnownFileType = folder.assetcatalog; path = "Preview Assets.xcassets"; sourceTree = "<group>"; };
		511D43F1251A153600B7461F /* Info.plist */ = {isa = PBXFileReference; lastKnownFileType = text.plist.xml; path = Info.plist; sourceTree = "<group>"; };
		511D43F8251A155700B7461F /* TextStyleView.swift */ = {isa = PBXFileReference; lastKnownFileType = sourcecode.swift; path = TextStyleView.swift; sourceTree = "<group>"; };
		511D43FB251A167800B7461F /* FontAppearanceView.swift */ = {isa = PBXFileReference; lastKnownFileType = sourcecode.swift; path = FontAppearanceView.swift; sourceTree = "<group>"; };
		511D43FE251A19F000B7461F /* CharacterAppearanceView.swift */ = {isa = PBXFileReference; lastKnownFileType = sourcecode.swift; path = CharacterAppearanceView.swift; sourceTree = "<group>"; };
		511D4401251A533C00B7461F /* MultilineView.swift */ = {isa = PBXFileReference; lastKnownFileType = sourcecode.swift; path = MultilineView.swift; sourceTree = "<group>"; };
		511D4404251A730E00B7461F /* TruncationModeView.swift */ = {isa = PBXFileReference; lastKnownFileType = sourcecode.swift; path = TruncationModeView.swift; sourceTree = "<group>"; };
/* End PBXFileReference section */

/* Begin PBXFrameworksBuildPhase section */
		511D43E2251A153300B7461F /* Frameworks */ = {
			isa = PBXFrameworksBuildPhase;
			buildActionMask = 2147483647;
			files = (
			);
			runOnlyForDeploymentPostprocessing = 0;
		};
/* End PBXFrameworksBuildPhase section */

/* Begin PBXGroup section */
		511D43DC251A153300B7461F = {
			isa = PBXGroup;
			children = (
				511D43E7251A153300B7461F /* Text Style Examples */,
				511D43E6251A153300B7461F /* Products */,
			);
			sourceTree = "<group>";
		};
		511D43E6251A153300B7461F /* Products */ = {
			isa = PBXGroup;
			children = (
				511D43E5251A153300B7461F /* Text Style Examples.app */,
			);
			name = Products;
			sourceTree = "<group>";
		};
		511D43E7251A153300B7461F /* Text Style Examples */ = {
			isa = PBXGroup;
			children = (
				511D43E8251A153300B7461F /* Text_Style_ExamplesApp.swift */,
				511D43EA251A153300B7461F /* ContentView.swift */,
				511D43F8251A155700B7461F /* TextStyleView.swift */,
				511D43FB251A167800B7461F /* FontAppearanceView.swift */,
				511D43FE251A19F000B7461F /* CharacterAppearanceView.swift */,
				511D4401251A533C00B7461F /* MultilineView.swift */,
				511D4404251A730E00B7461F /* TruncationModeView.swift */,
				511D43EC251A153600B7461F /* Assets.xcassets */,
				511D43F1251A153600B7461F /* Info.plist */,
				511D43EE251A153600B7461F /* Preview Content */,
			);
			path = "Text Style Examples";
			sourceTree = "<group>";
		};
		511D43EE251A153600B7461F /* Preview Content */ = {
			isa = PBXGroup;
			children = (
				511D43EF251A153600B7461F /* Preview Assets.xcassets */,
			);
			path = "Preview Content";
			sourceTree = "<group>";
		};
/* End PBXGroup section */

/* Begin PBXNativeTarget section */
		511D43E4251A153300B7461F /* Text Style Examples */ = {
			isa = PBXNativeTarget;
			buildConfigurationList = 511D43F4251A153600B7461F /* Build configuration list for PBXNativeTarget "Text Style Examples" */;
			buildPhases = (
				511D43E1251A153300B7461F /* Sources */,
				511D43E2251A153300B7461F /* Frameworks */,
				511D43E3251A153300B7461F /* Resources */,
			);
			buildRules = (
			);
			dependencies = (
			);
			name = "Text Style Examples";
			productName = "Text Style Examples";
			productReference = 511D43E5251A153300B7461F /* Text Style Examples.app */;
			productType = "com.apple.product-type.application";
		};
/* End PBXNativeTarget section */

/* Begin PBXProject section */
		511D43DD251A153300B7461F /* Project object */ = {
			isa = PBXProject;
			attributes = {
				LastSwiftUpdateCheck = 1200;
				LastUpgradeCheck = 1200;
				TargetAttributes = {
					511D43E4251A153300B7461F = {
						CreatedOnToolsVersion = 12.0;
					};
				};
			};
			buildConfigurationList = 511D43E0251A153300B7461F /* Build configuration list for PBXProject "Text Style Examples" */;
			compatibilityVersion = "Xcode 9.3";
			developmentRegion = en;
			hasScannedForEncodings = 0;
			knownRegions = (
				en,
				Base,
			);
			mainGroup = 511D43DC251A153300B7461F;
			productRefGroup = 511D43E6251A153300B7461F /* Products */;
			projectDirPath = "";
			projectRoot = "";
			targets = (
				511D43E4251A153300B7461F /* Text Style Examples */,
			);
		};
/* End PBXProject section */

/* Begin PBXResourcesBuildPhase section */
		511D43E3251A153300B7461F /* Resources */ = {
			isa = PBXResourcesBuildPhase;
			buildActionMask = 2147483647;
			files = (
				511D43F0251A153600B7461F /* Preview Assets.xcassets in Resources */,
				511D43ED251A153600B7461F /* Assets.xcassets in Resources */,
			);
			runOnlyForDeploymentPostprocessing = 0;
		};
/* End PBXResourcesBuildPhase section */

/* Begin PBXSourcesBuildPhase section */
		511D43E1251A153300B7461F /* Sources */ = {
			isa = PBXSourcesBuildPhase;
			buildActionMask = 2147483647;
			files = (
				511D43EB251A153300B7461F /* ContentView.swift in Sources */,
				511D43FF251A19F000B7461F /* CharacterAppearanceView.swift in Sources */,
				511D4402251A533C00B7461F /* MultilineView.swift in Sources */,
				511D43FC251A167800B7461F /* FontAppearanceView.swift in Sources */,
				511D4405251A730E00B7461F /* TruncationModeView.swift in Sources */,
				511D43F9251A155700B7461F /* TextStyleView.swift in Sources */,
				511D43E9251A153300B7461F /* Text_Style_ExamplesApp.swift in Sources */,
			);
			runOnlyForDeploymentPostprocessing = 0;
		};
/* End PBXSourcesBuildPhase section */

/* Begin XCBuildConfiguration section */
		511D43F2251A153600B7461F /* Debug */ = {
			isa = XCBuildConfiguration;
			buildSettings = {
				ALWAYS_SEARCH_USER_PATHS = NO;
				CLANG_ANALYZER_NONNULL = YES;
				CLANG_ANALYZER_NUMBER_OBJECT_CONVERSION = YES_AGGRESSIVE;
				CLANG_CXX_LANGUAGE_STANDARD = "gnu++14";
				CLANG_CXX_LIBRARY = "libc++";
				CLANG_ENABLE_MODULES = YES;
				CLANG_ENABLE_OBJC_ARC = YES;
				CLANG_ENABLE_OBJC_WEAK = YES;
				CLANG_WARN_BLOCK_CAPTURE_AUTORELEASING = YES;
				CLANG_WARN_BOOL_CONVERSION = YES;
				CLANG_WARN_COMMA = YES;
				CLANG_WARN_CONSTANT_CONVERSION = YES;
				CLANG_WARN_DEPRECATED_OBJC_IMPLEMENTATIONS = YES;
				CLANG_WARN_DIRECT_OBJC_ISA_USAGE = YES_ERROR;
				CLANG_WARN_DOCUMENTATION_COMMENTS = YES;
				CLANG_WARN_EMPTY_BODY = YES;
				CLANG_WARN_ENUM_CONVERSION = YES;
				CLANG_WARN_INFINITE_RECURSION = YES;
				CLANG_WARN_INT_CONVERSION = YES;
				CLANG_WARN_NON_LITERAL_NULL_CONVERSION = YES;
				CLANG_WARN_OBJC_IMPLICIT_RETAIN_SELF = YES;
				CLANG_WARN_OBJC_LITERAL_CONVERSION = YES;
				CLANG_WARN_OBJC_ROOT_CLASS = YES_ERROR;
				CLANG_WARN_QUOTED_INCLUDE_IN_FRAMEWORK_HEADER = YES;
				CLANG_WARN_RANGE_LOOP_ANALYSIS = YES;
				CLANG_WARN_STRICT_PROTOTYPES = YES;
				CLANG_WARN_SUSPICIOUS_MOVE = YES;
				CLANG_WARN_UNGUARDED_AVAILABILITY = YES_AGGRESSIVE;
				CLANG_WARN_UNREACHABLE_CODE = YES;
				CLANG_WARN__DUPLICATE_METHOD_MATCH = YES;
				COPY_PHASE_STRIP = NO;
				DEBUG_INFORMATION_FORMAT = dwarf;
				ENABLE_STRICT_OBJC_MSGSEND = YES;
				ENABLE_TESTABILITY = YES;
				GCC_C_LANGUAGE_STANDARD = gnu11;
				GCC_DYNAMIC_NO_PIC = NO;
				GCC_NO_COMMON_BLOCKS = YES;
				GCC_OPTIMIZATION_LEVEL = 0;
				GCC_PREPROCESSOR_DEFINITIONS = (
					"DEBUG=1",
					"$(inherited)",
				);
				GCC_WARN_64_TO_32_BIT_CONVERSION = YES;
				GCC_WARN_ABOUT_RETURN_TYPE = YES_ERROR;
				GCC_WARN_UNDECLARED_SELECTOR = YES;
				GCC_WARN_UNINITIALIZED_AUTOS = YES_AGGRESSIVE;
				GCC_WARN_UNUSED_FUNCTION = YES;
				GCC_WARN_UNUSED_VARIABLE = YES;
				IPHONEOS_DEPLOYMENT_TARGET = 14.0;
				MTL_ENABLE_DEBUG_INFO = INCLUDE_SOURCE;
				MTL_FAST_MATH = YES;
				ONLY_ACTIVE_ARCH = YES;
				SDKROOT = iphoneos;
				SWIFT_ACTIVE_COMPILATION_CONDITIONS = DEBUG;
				SWIFT_OPTIMIZATION_LEVEL = "-Onone";
			};
			name = Debug;
		};
		511D43F3251A153600B7461F /* Release */ = {
			isa = XCBuildConfiguration;
			buildSettings = {
				ALWAYS_SEARCH_USER_PATHS = NO;
				CLANG_ANALYZER_NONNULL = YES;
				CLANG_ANALYZER_NUMBER_OBJECT_CONVERSION = YES_AGGRESSIVE;
				CLANG_CXX_LANGUAGE_STANDARD = "gnu++14";
				CLANG_CXX_LIBRARY = "libc++";
				CLANG_ENABLE_MODULES = YES;
				CLANG_ENABLE_OBJC_ARC = YES;
				CLANG_ENABLE_OBJC_WEAK = YES;
				CLANG_WARN_BLOCK_CAPTURE_AUTORELEASING = YES;
				CLANG_WARN_BOOL_CONVERSION = YES;
				CLANG_WARN_COMMA = YES;
				CLANG_WARN_CONSTANT_CONVERSION = YES;
				CLANG_WARN_DEPRECATED_OBJC_IMPLEMENTATIONS = YES;
				CLANG_WARN_DIRECT_OBJC_ISA_USAGE = YES_ERROR;
				CLANG_WARN_DOCUMENTATION_COMMENTS = YES;
				CLANG_WARN_EMPTY_BODY = YES;
				CLANG_WARN_ENUM_CONVERSION = YES;
				CLANG_WARN_INFINITE_RECURSION = YES;
				CLANG_WARN_INT_CONVERSION = YES;
				CLANG_WARN_NON_LITERAL_NULL_CONVERSION = YES;
				CLANG_WARN_OBJC_IMPLICIT_RETAIN_SELF = YES;
				CLANG_WARN_OBJC_LITERAL_CONVERSION = YES;
				CLANG_WARN_OBJC_ROOT_CLASS = YES_ERROR;
				CLANG_WARN_QUOTED_INCLUDE_IN_FRAMEWORK_HEADER = YES;
				CLANG_WARN_RANGE_LOOP_ANALYSIS = YES;
				CLANG_WARN_STRICT_PROTOTYPES = YES;
				CLANG_WARN_SUSPICIOUS_MOVE = YES;
				CLANG_WARN_UNGUARDED_AVAILABILITY = YES_AGGRESSIVE;
				CLANG_WARN_UNREACHABLE_CODE = YES;
				CLANG_WARN__DUPLICATE_METHOD_MATCH = YES;
				COPY_PHASE_STRIP = NO;
				DEBUG_INFORMATION_FORMAT = "dwarf-with-dsym";
				ENABLE_NS_ASSERTIONS = NO;
				ENABLE_STRICT_OBJC_MSGSEND = YES;
				GCC_C_LANGUAGE_STANDARD = gnu11;
				GCC_NO_COMMON_BLOCKS = YES;
				GCC_WARN_64_TO_32_BIT_CONVERSION = YES;
				GCC_WARN_ABOUT_RETURN_TYPE = YES_ERROR;
				GCC_WARN_UNDECLARED_SELECTOR = YES;
				GCC_WARN_UNINITIALIZED_AUTOS = YES_AGGRESSIVE;
				GCC_WARN_UNUSED_FUNCTION = YES;
				GCC_WARN_UNUSED_VARIABLE = YES;
				IPHONEOS_DEPLOYMENT_TARGET = 14.0;
				MTL_ENABLE_DEBUG_INFO = NO;
				MTL_FAST_MATH = YES;
				SDKROOT = iphoneos;
				SWIFT_COMPILATION_MODE = wholemodule;
				SWIFT_OPTIMIZATION_LEVEL = "-O";
				VALIDATE_PRODUCT = YES;
			};
			name = Release;
		};
		511D43F5251A153600B7461F /* Debug */ = {
			isa = XCBuildConfiguration;
			buildSettings = {
				ASSETCATALOG_COMPILER_APPICON_NAME = AppIcon;
				ASSETCATALOG_COMPILER_GLOBAL_ACCENT_COLOR_NAME = AccentColor;
				CODE_SIGN_STYLE = Automatic;
				DEVELOPMENT_ASSET_PATHS = "\"Text Style Examples/Preview Content\"";
				DEVELOPMENT_TEAM = R77BD8MPA8;
				ENABLE_PREVIEWS = YES;
				INFOPLIST_FILE = "Text Style Examples/Info.plist";
				IPHONEOS_DEPLOYMENT_TARGET = 14.0;
				LD_RUNPATH_SEARCH_PATHS = (
					"$(inherited)",
					"@executable_path/Frameworks",
				);
				PRODUCT_BUNDLE_IDENTIFIER = "com.mazharul.huq.Text-Style-Examples";
				PRODUCT_NAME = "$(TARGET_NAME)";
				SWIFT_VERSION = 5.0;
				TARGETED_DEVICE_FAMILY = "1,2";
			};
			name = Debug;
		};
		511D43F6251A153600B7461F /* Release */ = {
			isa = XCBuildConfiguration;
			buildSettings = {
				ASSETCATALOG_COMPILER_APPICON_NAME = AppIcon;
				ASSETCATALOG_COMPILER_GLOBAL_ACCENT_COLOR_NAME = AccentColor;
				CODE_SIGN_STYLE = Automatic;
				DEVELOPMENT_ASSET_PATHS = "\"Text Style Examples/Preview Content\"";
				DEVELOPMENT_TEAM = R77BD8MPA8;
				ENABLE_PREVIEWS = YES;
				INFOPLIST_FILE = "Text Style Examples/Info.plist";
				IPHONEOS_DEPLOYMENT_TARGET = 14.0;
				LD_RUNPATH_SEARCH_PATHS = (
					"$(inherited)",
					"@executable_path/Frameworks",
				);
				PRODUCT_BUNDLE_IDENTIFIER = "com.mazharul.huq.Text-Style-Examples";
				PRODUCT_NAME = "$(TARGET_NAME)";
				SWIFT_VERSION = 5.0;
				TARGETED_DEVICE_FAMILY = "1,2";
			};
			name = Release;
		};
/* End XCBuildConfiguration section */

/* Begin XCConfigurationList section */
		511D43E0251A153300B7461F /* Build configuration list for PBXProject "Text Style Examples" */ = {
			isa = XCConfigurationList;
			buildConfigurations = (
				511D43F2251A153600B7461F /* Debug */,
				511D43F3251A153600B7461F /* Release */,
			);
			defaultConfigurationIsVisible = 0;
			defaultConfigurationName = Release;
		};
		511D43F4251A153600B7461F /* Build configuration list for PBXNativeTarget "Text Style Examples" */ = {
			isa = XCConfigurationList;
			buildConfigurations = (
				511D43F5251A153600B7461F /* Debug */,
				511D43F6251A153600B7461F /* Release */,
			);
			defaultConfigurationIsVisible = 0;
			defaultConfigurationName = Release;
		};
/* End XCConfigurationList section */
	};
	rootObject = 511D43DD251A153300B7461F /* Project object */;
}
