// !$*UTF8*$!
{
	archiveVersion = 1;
	classes = {
	};
	objectVersion = 50;
	objects = {

/* Begin PBXBuildFile section */
		513227C3256194F9002E3364 /* Formatted_Text_View_ExamplesApp.swift in Sources */ = {isa = PBXBuildFile; fileRef = 513227C2256194F9002E3364 /* Formatted_Text_View_ExamplesApp.swift */; };
		513227C5256194F9002E3364 /* ContentView.swift in Sources */ = {isa = PBXBuildFile; fileRef = 513227C4256194F9002E3364 /* ContentView.swift */; };
		513227C7256194FB002E3364 /* Assets.xcassets in Resources */ = {isa = PBXBuildFile; fileRef = 513227C6256194FB002E3364 /* Assets.xcassets */; };
		513227CA256194FB002E3364 /* Preview Assets.xcassets in Resources */ = {isa = PBXBuildFile; fileRef = 513227C9256194FB002E3364 /* Preview Assets.xcassets */; };
		513227D325619513002E3364 /* FormattedDateView.swift in Sources */ = {isa = PBXBuildFile; fileRef = 513227D225619513002E3364 /* FormattedDateView.swift */; };
		513227D625619638002E3364 /* ConcatenatingTextViews.swift in Sources */ = {isa = PBXBuildFile; fileRef = 513227D525619638002E3364 /* ConcatenatingTextViews.swift */; };
		513227D9256196FC002E3364 /* StringInterpolationView.swift in Sources */ = {isa = PBXBuildFile; fileRef = 513227D8256196FC002E3364 /* StringInterpolationView.swift */; };
/* End PBXBuildFile section */

/* Begin PBXFileReference section */
		513227BF256194F9002E3364 /* Formatted Text View Examples.app */ = {isa = PBXFileReference; explicitFileType = wrapper.application; includeInIndex = 0; path = "Formatted Text View Examples.app"; sourceTree = BUILT_PRODUCTS_DIR; };
		513227C2256194F9002E3364 /* Formatted_Text_View_ExamplesApp.swift */ = {isa = PBXFileReference; lastKnownFileType = sourcecode.swift; path = Formatted_Text_View_ExamplesApp.swift; sourceTree = "<group>"; };
		513227C4256194F9002E3364 /* ContentView.swift */ = {isa = PBXFileReference; lastKnownFileType = sourcecode.swift; path = ContentView.swift; sourceTree = "<group>"; };
		513227C6256194FB002E3364 /* Assets.xcassets */ = {isa = PBXFileReference; lastKnownFileType = folder.assetcatalog; path = Assets.xcassets; sourceTree = "<group>"; };
		513227C9256194FB002E3364 /* Preview Assets.xcassets */ = {isa = PBXFileReference; lastKnownFileType = folder.assetcatalog; path = "Preview Assets.xcassets"; sourceTree = "<group>"; };
		513227CB256194FB002E3364 /* Info.plist */ = {isa = PBXFileReference; lastKnownFileType = text.plist.xml; path = Info.plist; sourceTree = "<group>"; };
		513227D225619513002E3364 /* FormattedDateView.swift */ = {isa = PBXFileReference; lastKnownFileType = sourcecode.swift; path = FormattedDateView.swift; sourceTree = "<group>"; };
		513227D525619638002E3364 /* ConcatenatingTextViews.swift */ = {isa = PBXFileReference; lastKnownFileType = sourcecode.swift; path = ConcatenatingTextViews.swift; sourceTree = "<group>"; };
		513227D8256196FC002E3364 /* StringInterpolationView.swift */ = {isa = PBXFileReference; lastKnownFileType = sourcecode.swift; path = StringInterpolationView.swift; sourceTree = "<group>"; };
/* End PBXFileReference section */

/* Begin PBXFrameworksBuildPhase section */
		513227BC256194F9002E3364 /* Frameworks */ = {
			isa = PBXFrameworksBuildPhase;
			buildActionMask = 2147483647;
			files = (
			);
			runOnlyForDeploymentPostprocessing = 0;
		};
/* End PBXFrameworksBuildPhase section */

/* Begin PBXGroup section */
		513227B6256194F9002E3364 = {
			isa = PBXGroup;
			children = (
				513227C1256194F9002E3364 /* Formatted Text View Examples */,
				513227C0256194F9002E3364 /* Products */,
			);
			sourceTree = "<group>";
		};
		513227C0256194F9002E3364 /* Products */ = {
			isa = PBXGroup;
			children = (
				513227BF256194F9002E3364 /* Formatted Text View Examples.app */,
			);
			name = Products;
			sourceTree = "<group>";
		};
		513227C1256194F9002E3364 /* Formatted Text View Examples */ = {
			isa = PBXGroup;
			children = (
				513227C2256194F9002E3364 /* Formatted_Text_View_ExamplesApp.swift */,
				513227C4256194F9002E3364 /* ContentView.swift */,
				513227D225619513002E3364 /* FormattedDateView.swift */,
				513227D525619638002E3364 /* ConcatenatingTextViews.swift */,
				513227D8256196FC002E3364 /* StringInterpolationView.swift */,
				513227C6256194FB002E3364 /* Assets.xcassets */,
				513227CB256194FB002E3364 /* Info.plist */,
				513227C8256194FB002E3364 /* Preview Content */,
			);
			path = "Formatted Text View Examples";
			sourceTree = "<group>";
		};
		513227C8256194FB002E3364 /* Preview Content */ = {
			isa = PBXGroup;
			children = (
				513227C9256194FB002E3364 /* Preview Assets.xcassets */,
			);
			path = "Preview Content";
			sourceTree = "<group>";
		};
/* End PBXGroup section */

/* Begin PBXNativeTarget section */
		513227BE256194F9002E3364 /* Formatted Text View Examples */ = {
			isa = PBXNativeTarget;
			buildConfigurationList = 513227CE256194FB002E3364 /* Build configuration list for PBXNativeTarget "Formatted Text View Examples" */;
			buildPhases = (
				513227BB256194F9002E3364 /* Sources */,
				513227BC256194F9002E3364 /* Frameworks */,
				513227BD256194F9002E3364 /* Resources */,
			);
			buildRules = (
			);
			dependencies = (
			);
			name = "Formatted Text View Examples";
			productName = "Formatted Text View Examples";
			productReference = 513227BF256194F9002E3364 /* Formatted Text View Examples.app */;
			productType = "com.apple.product-type.application";
		};
/* End PBXNativeTarget section */

/* Begin PBXProject section */
		513227B7256194F9002E3364 /* Project object */ = {
			isa = PBXProject;
			attributes = {
				LastSwiftUpdateCheck = 1210;
				LastUpgradeCheck = 1210;
				TargetAttributes = {
					513227BE256194F9002E3364 = {
						CreatedOnToolsVersion = 12.1;
					};
				};
			};
			buildConfigurationList = 513227BA256194F9002E3364 /* Build configuration list for PBXProject "Formatted Text View Examples" */;
			compatibilityVersion = "Xcode 9.3";
			developmentRegion = en;
			hasScannedForEncodings = 0;
			knownRegions = (
				en,
				Base,
			);
			mainGroup = 513227B6256194F9002E3364;
			productRefGroup = 513227C0256194F9002E3364 /* Products */;
			projectDirPath = "";
			projectRoot = "";
			targets = (
				513227BE256194F9002E3364 /* Formatted Text View Examples */,
			);
		};
/* End PBXProject section */

/* Begin PBXResourcesBuildPhase section */
		513227BD256194F9002E3364 /* Resources */ = {
			isa = PBXResourcesBuildPhase;
			buildActionMask = 2147483647;
			files = (
				513227CA256194FB002E3364 /* Preview Assets.xcassets in Resources */,
				513227C7256194FB002E3364 /* Assets.xcassets in Resources */,
			);
			runOnlyForDeploymentPostprocessing = 0;
		};
/* End PBXResourcesBuildPhase section */

/* Begin PBXSourcesBuildPhase section */
		513227BB256194F9002E3364 /* Sources */ = {
			isa = PBXSourcesBuildPhase;
			buildActionMask = 2147483647;
			files = (
				513227D625619638002E3364 /* ConcatenatingTextViews.swift in Sources */,
				513227C5256194F9002E3364 /* ContentView.swift in Sources */,
				513227D325619513002E3364 /* FormattedDateView.swift in Sources */,
				513227D9256196FC002E3364 /* StringInterpolationView.swift in Sources */,
				513227C3256194F9002E3364 /* Formatted_Text_View_ExamplesApp.swift in Sources */,
			);
			runOnlyForDeploymentPostprocessing = 0;
		};
/* End PBXSourcesBuildPhase section */

/* Begin XCBuildConfiguration section */
		513227CC256194FB002E3364 /* Debug */ = {
			isa = XCBuildConfiguration;
			buildSettings = {
				ALWAYS_SEARCH_USER_PATHS = NO;
				CLANG_ANALYZER_NONNULL = YES;
				CLANG_ANALYZER_NUMBER_OBJECT_CONVERSION = YES_AGGRESSIVE;
				CLANG_CXX_LANGUAGE_STANDARD = "gnu++14";
				CLANG_CXX_LIBRARY = "libc++";
				CLANG_ENABLE_MODULES = YES;
				CLANG_ENABLE_OBJC_ARC = YES;
				CLANG_ENABLE_OBJC_WEAK = YES;
				CLANG_WARN_BLOCK_CAPTURE_AUTORELEASING = YES;
				CLANG_WARN_BOOL_CONVERSION = YES;
				CLANG_WARN_COMMA = YES;
				CLANG_WARN_CONSTANT_CONVERSION = YES;
				CLANG_WARN_DEPRECATED_OBJC_IMPLEMENTATIONS = YES;
				CLANG_WARN_DIRECT_OBJC_ISA_USAGE = YES_ERROR;
				CLANG_WARN_DOCUMENTATION_COMMENTS = YES;
				CLANG_WARN_EMPTY_BODY = YES;
				CLANG_WARN_ENUM_CONVERSION = YES;
				CLANG_WARN_INFINITE_RECURSION = YES;
				CLANG_WARN_INT_CONVERSION = YES;
				CLANG_WARN_NON_LITERAL_NULL_CONVERSION = YES;
				CLANG_WARN_OBJC_IMPLICIT_RETAIN_SELF = YES;
				CLANG_WARN_OBJC_LITERAL_CONVERSION = YES;
				CLANG_WARN_OBJC_ROOT_CLASS = YES_ERROR;
				CLANG_WARN_QUOTED_INCLUDE_IN_FRAMEWORK_HEADER = YES;
				CLANG_WARN_RANGE_LOOP_ANALYSIS = YES;
				CLANG_WARN_STRICT_PROTOTYPES = YES;
				CLANG_WARN_SUSPICIOUS_MOVE = YES;
				CLANG_WARN_UNGUARDED_AVAILABILITY = YES_AGGRESSIVE;
				CLANG_WARN_UNREACHABLE_CODE = YES;
				CLANG_WARN__DUPLICATE_METHOD_MATCH = YES;
				COPY_PHASE_STRIP = NO;
				DEBUG_INFORMATION_FORMAT = dwarf;
				ENABLE_STRICT_OBJC_MSGSEND = YES;
				ENABLE_TESTABILITY = YES;
				GCC_C_LANGUAGE_STANDARD = gnu11;
				GCC_DYNAMIC_NO_PIC = NO;
				GCC_NO_COMMON_BLOCKS = YES;
				GCC_OPTIMIZATION_LEVEL = 0;
				GCC_PREPROCESSOR_DEFINITIONS = (
					"DEBUG=1",
					"$(inherited)",
				);
				GCC_WARN_64_TO_32_BIT_CONVERSION = YES;
				GCC_WARN_ABOUT_RETURN_TYPE = YES_ERROR;
				GCC_WARN_UNDECLARED_SELECTOR = YES;
				GCC_WARN_UNINITIALIZED_AUTOS = YES_AGGRESSIVE;
				GCC_WARN_UNUSED_FUNCTION = YES;
				GCC_WARN_UNUSED_VARIABLE = YES;
				IPHONEOS_DEPLOYMENT_TARGET = 14.1;
				MTL_ENABLE_DEBUG_INFO = INCLUDE_SOURCE;
				MTL_FAST_MATH = YES;
				ONLY_ACTIVE_ARCH = YES;
				SDKROOT = iphoneos;
				SWIFT_ACTIVE_COMPILATION_CONDITIONS = DEBUG;
				SWIFT_OPTIMIZATION_LEVEL = "-Onone";
			};
			name = Debug;
		};
		513227CD256194FB002E3364 /* Release */ = {
			isa = XCBuildConfiguration;
			buildSettings = {
				ALWAYS_SEARCH_USER_PATHS = NO;
				CLANG_ANALYZER_NONNULL = YES;
				CLANG_ANALYZER_NUMBER_OBJECT_CONVERSION = YES_AGGRESSIVE;
				CLANG_CXX_LANGUAGE_STANDARD = "gnu++14";
				CLANG_CXX_LIBRARY = "libc++";
				CLANG_ENABLE_MODULES = YES;
				CLANG_ENABLE_OBJC_ARC = YES;
				CLANG_ENABLE_OBJC_WEAK = YES;
				CLANG_WARN_BLOCK_CAPTURE_AUTORELEASING = YES;
				CLANG_WARN_BOOL_CONVERSION = YES;
				CLANG_WARN_COMMA = YES;
				CLANG_WARN_CONSTANT_CONVERSION = YES;
				CLANG_WARN_DEPRECATED_OBJC_IMPLEMENTATIONS = YES;
				CLANG_WARN_DIRECT_OBJC_ISA_USAGE = YES_ERROR;
				CLANG_WARN_DOCUMENTATION_COMMENTS = YES;
				CLANG_WARN_EMPTY_BODY = YES;
				CLANG_WARN_ENUM_CONVERSION = YES;
				CLANG_WARN_INFINITE_RECURSION = YES;
				CLANG_WARN_INT_CONVERSION = YES;
				CLANG_WARN_NON_LITERAL_NULL_CONVERSION = YES;
				CLANG_WARN_OBJC_IMPLICIT_RETAIN_SELF = YES;
				CLANG_WARN_OBJC_LITERAL_CONVERSION = YES;
				CLANG_WARN_OBJC_ROOT_CLASS = YES_ERROR;
				CLANG_WARN_QUOTED_INCLUDE_IN_FRAMEWORK_HEADER = YES;
				CLANG_WARN_RANGE_LOOP_ANALYSIS = YES;
				CLANG_WARN_STRICT_PROTOTYPES = YES;
				CLANG_WARN_SUSPICIOUS_MOVE = YES;
				CLANG_WARN_UNGUARDED_AVAILABILITY = YES_AGGRESSIVE;
				CLANG_WARN_UNREACHABLE_CODE = YES;
				CLANG_WARN__DUPLICATE_METHOD_MATCH = YES;
				COPY_PHASE_STRIP = NO;
				DEBUG_INFORMATION_FORMAT = "dwarf-with-dsym";
				ENABLE_NS_ASSERTIONS = NO;
				ENABLE_STRICT_OBJC_MSGSEND = YES;
				GCC_C_LANGUAGE_STANDARD = gnu11;
				GCC_NO_COMMON_BLOCKS = YES;
				GCC_WARN_64_TO_32_BIT_CONVERSION = YES;
				GCC_WARN_ABOUT_RETURN_TYPE = YES_ERROR;
				GCC_WARN_UNDECLARED_SELECTOR = YES;
				GCC_WARN_UNINITIALIZED_AUTOS = YES_AGGRESSIVE;
				GCC_WARN_UNUSED_FUNCTION = YES;
				GCC_WARN_UNUSED_VARIABLE = YES;
				IPHONEOS_DEPLOYMENT_TARGET = 14.1;
				MTL_ENABLE_DEBUG_INFO = NO;
				MTL_FAST_MATH = YES;
				SDKROOT = iphoneos;
				SWIFT_COMPILATION_MODE = wholemodule;
				SWIFT_OPTIMIZATION_LEVEL = "-O";
				VALIDATE_PRODUCT = YES;
			};
			name = Release;
		};
		513227CF256194FB002E3364 /* Debug */ = {
			isa = XCBuildConfiguration;
			buildSettings = {
				ASSETCATALOG_COMPILER_APPICON_NAME = AppIcon;
				ASSETCATALOG_COMPILER_GLOBAL_ACCENT_COLOR_NAME = AccentColor;
				CODE_SIGN_STYLE = Automatic;
				DEVELOPMENT_ASSET_PATHS = "\"Formatted Text View Examples/Preview Content\"";
				DEVELOPMENT_TEAM = R77BD8MPA8;
				ENABLE_PREVIEWS = YES;
				INFOPLIST_FILE = "Formatted Text View Examples/Info.plist";
				IPHONEOS_DEPLOYMENT_TARGET = 14.0;
				LD_RUNPATH_SEARCH_PATHS = (
					"$(inherited)",
					"@executable_path/Frameworks",
				);
				PRODUCT_BUNDLE_IDENTIFIER = "com.mazharul.huq.Formatted-Text-View-Examples";
				PRODUCT_NAME = "$(TARGET_NAME)";
				SWIFT_VERSION = 5.0;
				TARGETED_DEVICE_FAMILY = "1,2";
			};
			name = Debug;
		};
		513227D0256194FB002E3364 /* Release */ = {
			isa = XCBuildConfiguration;
			buildSettings = {
				ASSETCATALOG_COMPILER_APPICON_NAME = AppIcon;
				ASSETCATALOG_COMPILER_GLOBAL_ACCENT_COLOR_NAME = AccentColor;
				CODE_SIGN_STYLE = Automatic;
				DEVELOPMENT_ASSET_PATHS = "\"Formatted Text View Examples/Preview Content\"";
				DEVELOPMENT_TEAM = R77BD8MPA8;
				ENABLE_PREVIEWS = YES;
				INFOPLIST_FILE = "Formatted Text View Examples/Info.plist";
				IPHONEOS_DEPLOYMENT_TARGET = 14.0;
				LD_RUNPATH_SEARCH_PATHS = (
					"$(inherited)",
					"@executable_path/Frameworks",
				);
				PRODUCT_BUNDLE_IDENTIFIER = "com.mazharul.huq.Formatted-Text-View-Examples";
				PRODUCT_NAME = "$(TARGET_NAME)";
				SWIFT_VERSION = 5.0;
				TARGETED_DEVICE_FAMILY = "1,2";
			};
			name = Release;
		};
/* End XCBuildConfiguration section */

/* Begin XCConfigurationList section */
		513227BA256194F9002E3364 /* Build configuration list for PBXProject "Formatted Text View Examples" */ = {
			isa = XCConfigurationList;
			buildConfigurations = (
				513227CC256194FB002E3364 /* Debug */,
				513227CD256194FB002E3364 /* Release */,
			);
			defaultConfigurationIsVisible = 0;
			defaultConfigurationName = Release;
		};
		513227CE256194FB002E3364 /* Build configuration list for PBXNativeTarget "Formatted Text View Examples" */ = {
			isa = XCConfigurationList;
			buildConfigurations = (
				513227CF256194FB002E3364 /* Debug */,
				513227D0256194FB002E3364 /* Release */,
			);
			defaultConfigurationIsVisible = 0;
			defaultConfigurationName = Release;
		};
/* End XCConfigurationList section */
	};
	rootObject = 513227B7256194F9002E3364 /* Project object */;
}
